
Microsoft Visual Studio Solution File, Format Version 12.00
Project("{FAE04EC0-301F-11D3-BF4B-00C04F79EFBC}") = "DomeGym.Api", "DomeGym.Api\DomeGym.Api.csproj", "{EDC7AEF2-A626-413E-B265-8AC2CABB815F}"
EndProject
Project("{FAE04EC0-301F-11D3-BF4B-00C04F79EFBC}") = "DomeGym.Application", "DomeGym.Application\DomeGym.Application.csproj", "{DB442F31-2756-4272-913E-A1D07C838936}"
EndProject
Project("{FAE04EC0-301F-11D3-BF4B-00C04F79EFBC}") = "DomeGym.Domain", "DomeGym.Domain\DomeGym.Domain.csproj", "{BE5D4A99-5C82-4033-9E11-97CFEA1F2AEF}"
EndProject
Project("{FAE04EC0-301F-11D3-BF4B-00C04F79EFBC}") = "DomeGym.Infrastructure", "DomeGym.Infrastructure\DomeGym.Infrastructure.csproj", "{4D7E3BE3-AB96-42C4-A73C-3EAF1AFF1E5F}"
EndProject
Project("{FAE04EC0-301F-11D3-BF4B-00C04F79EFBC}") = "DomeGym.Contracts", "DomeGym.Contracts\DomeGym.Contracts.csproj", "{74642F74-1EE4-47B1-880D-35E3E37E60FD}"
EndProject
Project("{2150E333-8FDC-42A3-9474-1A3956D46DE8}") = "src", "src", "{D3AFA9DA-27D8-4B77-BC02-CD599618B4B4}"
EndProject
Project("{2150E333-8FDC-42A3-9474-1A3956D46DE8}") = "tests", "tests", "{D7133364-04C5-4A57-8011-32A263F054F3}"
EndProject
Project("{FAE04EC0-301F-11D3-BF4B-00C04F79EFBC}") = "DomeGym.Domain.UnitTests", "DomeGym.Domain.UnitTests\DomeGym.Domain.UnitTests.csproj", "{328BC5B1-8B01-47D4-837E-70579E9E2B5A}"
EndProject
Project("{FAE04EC0-301F-11D3-BF4B-00C04F79EFBC}") = "TestsCommon", "TestsCommon\TestsCommon.csproj", "{1051606B-42DF-4316-BEEC-9D3AD1A1C14E}"
EndProject
Project("{FAE04EC0-301F-11D3-BF4B-00C04F79EFBC}") = "DomeGym.Application.UnitTests", "DomeGym.Application.UnitTests\DomeGym.Application.UnitTests.csproj", "{E845F609-6E2C-4F19-8394-2BD2193BE32D}"
EndProject
Project("{FAE04EC0-301F-11D3-BF4B-00C04F79EFBC}") = "DomeGym.Application.SubcutaneousTests", "DomeGym.Application.SubcutaneousTests\DomeGym.Application.SubcutaneousTests.csproj", "{92BD2E7B-1767-4AA6-8496-31ADD779B4F9}"
EndProject
Project("{FAE04EC0-301F-11D3-BF4B-00C04F79EFBC}") = "DomeGym.Api.IntegrationTests", "DomeGym.Api.IntegrationTests\DomeGym.Api.IntegrationTests.csproj", "{F355CBEB-254C-4317-AB7C-E86FA14B2990}"
EndProject
Global
	GlobalSection(SolutionConfigurationPlatforms) = preSolution
		Debug|Any CPU = Debug|Any CPU
		Release|Any CPU = Release|Any CPU
	EndGlobalSection
	GlobalSection(ProjectConfigurationPlatforms) = postSolution
		{EDC7AEF2-A626-413E-B265-8AC2CABB815F}.Debug|Any CPU.ActiveCfg = Debug|Any CPU
		{EDC7AEF2-A626-413E-B265-8AC2CABB815F}.Debug|Any CPU.Build.0 = Debug|Any CPU
		{EDC7AEF2-A626-413E-B265-8AC2CABB815F}.Release|Any CPU.ActiveCfg = Release|Any CPU
		{EDC7AEF2-A626-413E-B265-8AC2CABB815F}.Release|Any CPU.Build.0 = Release|Any CPU
		{DB442F31-2756-4272-913E-A1D07C838936}.Debug|Any CPU.ActiveCfg = Debug|Any CPU
		{DB442F31-2756-4272-913E-A1D07C838936}.Debug|Any CPU.Build.0 = Debug|Any CPU
		{DB442F31-2756-4272-913E-A1D07C838936}.Release|Any CPU.ActiveCfg = Release|Any CPU
		{DB442F31-2756-4272-913E-A1D07C838936}.Release|Any CPU.Build.0 = Release|Any CPU
		{BE5D4A99-5C82-4033-9E11-97CFEA1F2AEF}.Debug|Any CPU.ActiveCfg = Debug|Any CPU
		{BE5D4A99-5C82-4033-9E11-97CFEA1F2AEF}.Debug|Any CPU.Build.0 = Debug|Any CPU
		{BE5D4A99-5C82-4033-9E11-97CFEA1F2AEF}.Release|Any CPU.ActiveCfg = Release|Any CPU
		{BE5D4A99-5C82-4033-9E11-97CFEA1F2AEF}.Release|Any CPU.Build.0 = Release|Any CPU
		{4D7E3BE3-AB96-42C4-A73C-3EAF1AFF1E5F}.Debug|Any CPU.ActiveCfg = Debug|Any CPU
		{4D7E3BE3-AB96-42C4-A73C-3EAF1AFF1E5F}.Debug|Any CPU.Build.0 = Debug|Any CPU
		{4D7E3BE3-AB96-42C4-A73C-3EAF1AFF1E5F}.Release|Any CPU.ActiveCfg = Release|Any CPU
		{4D7E3BE3-AB96-42C4-A73C-3EAF1AFF1E5F}.Release|Any CPU.Build.0 = Release|Any CPU
		{74642F74-1EE4-47B1-880D-35E3E37E60FD}.Debug|Any CPU.ActiveCfg = Debug|Any CPU
		{74642F74-1EE4-47B1-880D-35E3E37E60FD}.Debug|Any CPU.Build.0 = Debug|Any CPU
		{74642F74-1EE4-47B1-880D-35E3E37E60FD}.Release|Any CPU.ActiveCfg = Release|Any CPU
		{74642F74-1EE4-47B1-880D-35E3E37E60FD}.Release|Any CPU.Build.0 = Release|Any CPU
		{328BC5B1-8B01-47D4-837E-70579E9E2B5A}.Debug|Any CPU.ActiveCfg = Debug|Any CPU
		{328BC5B1-8B01-47D4-837E-70579E9E2B5A}.Debug|Any CPU.Build.0 = Debug|Any CPU
		{328BC5B1-8B01-47D4-837E-70579E9E2B5A}.Release|Any CPU.ActiveCfg = Release|Any CPU
		{328BC5B1-8B01-47D4-837E-70579E9E2B5A}.Release|Any CPU.Build.0 = Release|Any CPU
		{1051606B-42DF-4316-BEEC-9D3AD1A1C14E}.Debug|Any CPU.ActiveCfg = Debug|Any CPU
		{1051606B-42DF-4316-BEEC-9D3AD1A1C14E}.Debug|Any CPU.Build.0 = Debug|Any CPU
		{1051606B-42DF-4316-BEEC-9D3AD1A1C14E}.Release|Any CPU.ActiveCfg = Release|Any CPU
		{1051606B-42DF-4316-BEEC-9D3AD1A1C14E}.Release|Any CPU.Build.0 = Release|Any CPU
		{E845F609-6E2C-4F19-8394-2BD2193BE32D}.Debug|Any CPU.ActiveCfg = Debug|Any CPU
		{E845F609-6E2C-4F19-8394-2BD2193BE32D}.Debug|Any CPU.Build.0 = Debug|Any CPU
		{E845F609-6E2C-4F19-8394-2BD2193BE32D}.Release|Any CPU.ActiveCfg = Release|Any CPU
		{E845F609-6E2C-4F19-8394-2BD2193BE32D}.Release|Any CPU.Build.0 = Release|Any CPU
		{92BD2E7B-1767-4AA6-8496-31ADD779B4F9}.Debug|Any CPU.ActiveCfg = Debug|Any CPU
		{92BD2E7B-1767-4AA6-8496-31ADD779B4F9}.Debug|Any CPU.Build.0 = Debug|Any CPU
		{92BD2E7B-1767-4AA6-8496-31ADD779B4F9}.Release|Any CPU.ActiveCfg = Release|Any CPU
		{92BD2E7B-1767-4AA6-8496-31ADD779B4F9}.Release|Any CPU.Build.0 = Release|Any CPU
		{F355CBEB-254C-4317-AB7C-E86FA14B2990}.Debug|Any CPU.ActiveCfg = Debug|Any CPU
		{F355CBEB-254C-4317-AB7C-E86FA14B2990}.Debug|Any CPU.Build.0 = Debug|Any CPU
		{F355CBEB-254C-4317-AB7C-E86FA14B2990}.Release|Any CPU.ActiveCfg = Release|Any CPU
		{F355CBEB-254C-4317-AB7C-E86FA14B2990}.Release|Any CPU.Build.0 = Release|Any CPU
	EndGlobalSection
	GlobalSection(NestedProjects) = preSolution
		{EDC7AEF2-A626-413E-B265-8AC2CABB815F} = {D3AFA9DA-27D8-4B77-BC02-CD599618B4B4}
		{DB442F31-2756-4272-913E-A1D07C838936} = {D3AFA9DA-27D8-4B77-BC02-CD599618B4B4}
		{74642F74-1EE4-47B1-880D-35E3E37E60FD} = {D3AFA9DA-27D8-4B77-BC02-CD599618B4B4}
		{BE5D4A99-5C82-4033-9E11-97CFEA1F2AEF} = {D3AFA9DA-27D8-4B77-BC02-CD599618B4B4}
		{4D7E3BE3-AB96-42C4-A73C-3EAF1AFF1E5F} = {D3AFA9DA-27D8-4B77-BC02-CD599618B4B4}
		{328BC5B1-8B01-47D4-837E-70579E9E2B5A} = {D7133364-04C5-4A57-8011-32A263F054F3}
		{1051606B-42DF-4316-BEEC-9D3AD1A1C14E} = {D7133364-04C5-4A57-8011-32A263F054F3}
		{E845F609-6E2C-4F19-8394-2BD2193BE32D} = {D7133364-04C5-4A57-8011-32A263F054F3}
		{92BD2E7B-1767-4AA6-8496-31ADD779B4F9} = {D7133364-04C5-4A57-8011-32A263F054F3}
		{F355CBEB-254C-4317-AB7C-E86FA14B2990} = {D7133364-04C5-4A57-8011-32A263F054F3}
	EndGlobalSection
EndGlobal
