
Microsoft Visual Studio Solution File, Format Version 12.00
Project("{FAE04EC0-301F-11D3-BF4B-00C04F79EFBC}") = "DomeGym.Api", "DomeGym.Api\DomeGym.Api.csproj", "{EDC7AEF2-A626-413E-B265-8AC2CABB815F}"
EndProject
Project("{FAE04EC0-301F-11D3-BF4B-00C04F79EFBC}") = "DomeGym.Application", "DomeGym.Application\DomeGym.Application.csproj", "{DB442F31-2756-4272-913E-A1D07C838936}"
EndProject
Project("{FAE04EC0-301F-11D3-BF4B-00C04F79EFBC}") = "DomeGym.Domain", "DomeGym.Domain\DomeGym.Domain.csproj", "{BE5D4A99-5C82-4033-9E11-97CFEA1F2AEF}"
EndProject
Project("{FAE04EC0-301F-11D3-BF4B-00C04F79EFBC}") = "DomeGym.Infrastructure", "DomeGym.Infrastructure\DomeGym.Infrastructure.csproj", "{4D7E3BE3-AB96-42C4-A73C-3EAF1AFF1E5F}"
EndProject
Global
	GlobalSection(SolutionConfigurationPlatforms) = preSolution
		Debug|Any CPU = Debug|Any CPU
		Release|Any CPU = Release|Any CPU
	EndGlobalSection
	GlobalSection(ProjectConfigurationPlatforms) = postSolution
		{EDC7AEF2-A626-413E-B265-8AC2CABB815F}.Debug|Any CPU.ActiveCfg = Debug|Any CPU
		{EDC7AEF2-A626-413E-B265-8AC2CABB815F}.Debug|Any CPU.Build.0 = Debug|Any CPU
		{EDC7AEF2-A626-413E-B265-8AC2CABB815F}.Release|Any CPU.ActiveCfg = Release|Any CPU
		{EDC7AEF2-A626-413E-B265-8AC2CABB815F}.Release|Any CPU.Build.0 = Release|Any CPU
		{DB442F31-2756-4272-913E-A1D07C838936}.Debug|Any CPU.ActiveCfg = Debug|Any CPU
		{DB442F31-2756-4272-913E-A1D07C838936}.Debug|Any CPU.Build.0 = Debug|Any CPU
		{DB442F31-2756-4272-913E-A1D07C838936}.Release|Any CPU.ActiveCfg = Release|Any CPU
		{DB442F31-2756-4272-913E-A1D07C838936}.Release|Any CPU.Build.0 = Release|Any CPU
		{BE5D4A99-5C82-4033-9E11-97CFEA1F2AEF}.Debug|Any CPU.ActiveCfg = Debug|Any CPU
		{BE5D4A99-5C82-4033-9E11-97CFEA1F2AEF}.Debug|Any CPU.Build.0 = Debug|Any CPU
		{BE5D4A99-5C82-4033-9E11-97CFEA1F2AEF}.Release|Any CPU.ActiveCfg = Release|Any CPU
		{BE5D4A99-5C82-4033-9E11-97CFEA1F2AEF}.Release|Any CPU.Build.0 = Release|Any CPU
		{4D7E3BE3-AB96-42C4-A73C-3EAF1AFF1E5F}.Debug|Any CPU.ActiveCfg = Debug|Any CPU
		{4D7E3BE3-AB96-42C4-A73C-3EAF1AFF1E5F}.Debug|Any CPU.Build.0 = Debug|Any CPU
		{4D7E3BE3-AB96-42C4-A73C-3EAF1AFF1E5F}.Release|Any CPU.ActiveCfg = Release|Any CPU
		{4D7E3BE3-AB96-42C4-A73C-3EAF1AFF1E5F}.Release|Any CPU.Build.0 = Release|Any CPU
	EndGlobalSection
EndGlobal
